
Microsoft Visual Studio Solution File, Format Version 12.00
# Visual Studio Version 16
VisualStudioVersion = 16.0.31515.178
MinimumVisualStudioVersion = 10.0.40219.1
Project("{FAE04EC0-301F-11D3-BF4B-00C04F79EFBC}") = "WcfServiceLibraryDemo", "WcfServiceLibraryDemo.csproj", "{6B54A3D4-995C-47BF-BEDD-C7D98FA47C3C}"
EndProject
Global
	GlobalSection(SolutionConfigurationPlatforms) = preSolution
		Debug|Any CPU = Debug|Any CPU
		Release|Any CPU = Release|Any CPU
	EndGlobalSection
	GlobalSection(ProjectConfigurationPlatforms) = postSolution
		{6B54A3D4-995C-47BF-BEDD-C7D98FA47C3C}.Debug|Any CPU.ActiveCfg = Debug|Any CPU
		{6B54A3D4-995C-47BF-BEDD-C7D98FA47C3C}.Debug|Any CPU.Build.0 = Debug|Any CPU
		{6B54A3D4-995C-47BF-BEDD-C7D98FA47C3C}.Release|Any CPU.ActiveCfg = Release|Any CPU
		{6B54A3D4-995C-47BF-BEDD-C7D98FA47C3C}.Release|Any CPU.Build.0 = Release|Any CPU
	EndGlobalSection
	GlobalSection(SolutionProperties) = preSolution
		HideSolutionNode = FALSE
	EndGlobalSection
	GlobalSection(ExtensibilityGlobals) = postSolution
		SolutionGuid = {F21E3707-464A-4A3B-8F25-A8CA600C7006}
	EndGlobalSection
EndGlobal
